<?xml version="1.0" encoding="utf-8"?>
<Project ToolsVersion="4.0" xmlns="http://schemas.microsoft.com/developer/msbuild/2003">
  <ItemGroup>
    <Filter Include="Source Files">
      <UniqueIdentifier>{4FC737F1-C7A5-4376-A066-2A32D752A2FF}</UniqueIdentifier>
      <Extensions>cpp;cxx;c;def</Extensions>
    </Filter>
    <Filter Include="Header Files">
      <UniqueIdentifier>{93995380-89BD-4b04-88EB-625FBE52EBFB}</UniqueIdentifier>
      <Extensions>h</Extensions>
    </Filter>
    <Filter Include="Form Files">
      <UniqueIdentifier>{99349809-55BA-4b9d-BF79-8FDBB0286EB3}</UniqueIdentifier>
      <Extensions>ui</Extensions>
    </Filter>
    <Filter Include="Resource Files">
      <UniqueIdentifier>{D9D6E242-F8AF-46E4-B9FD-80ECBC20BA3E}</UniqueIdentifier>
      <Extensions>qrc;*</Extensions>
      <ParseFiles>false</ParseFiles>
    </Filter>
    <Filter Include="Generated Files">
      <UniqueIdentifier>{71ED8ED8-ACB9-4CE9-BBE1-E00B30144E11}</UniqueIdentifier>
      <Extensions>moc;h;cpp</Extensions>
      <SourceControlFiles>False</SourceControlFiles>
    </Filter>
    <Filter Include="Generated Files\Debug">
      <UniqueIdentifier>{cbbc7bef-4fb4-466b-8441-586403fa4032}</UniqueIdentifier>
      <Extensions>cpp;moc</Extensions>
      <SourceControlFiles>False</SourceControlFiles>
    </Filter>
    <Filter Include="Generated Files\Release">
      <UniqueIdentifier>{e1ed71c7-0b51-4be8-9dc2-c5cc2509728f}</UniqueIdentifier>
      <Extensions>cpp;moc</Extensions>
      <SourceControlFiles>False</SourceControlFiles>
    </Filter>
    <Filter Include="Images">
      <UniqueIdentifier>{b05280f9-404c-4350-8f4c-9c2d455a4fa9}</UniqueIdentifier>
    </Filter>
    <Filter Include="Styles">
      <UniqueIdentifier>{fcc5e30c-29e8-4bf4-97fc-b1cd1819ec3d}</UniqueIdentifier>
    </Filter>
  </ItemGroup>
  <ItemGroup>
    <ClCompile Include="stdafx.cpp">
      <Filter>Source Files</Filter>
    </ClCompile>
    <ClCompile Include="main.cpp">
      <Filter>Source Files</Filter>
    </ClCompile>
    <ClCompile Include="hydrocouplecomposer.cpp">
      <Filter>Source Files</Filter>
    </ClCompile>
    <ClCompile Include="GeneratedFiles\Debug\moc_hydrocouplecomposer.cpp">
      <Filter>Generated Files\Debug</Filter>
    </ClCompile>
    <ClCompile Include="GeneratedFiles\Release\moc_hydrocouplecomposer.cpp">
      <Filter>Generated Files\Release</Filter>
    </ClCompile>
    <ClCompile Include="GeneratedFiles\qrc_hydrocouplecomposer.cpp">
      <Filter>Generated Files</Filter>
    </ClCompile>
    <ClCompile Include="GeneratedFiles\Debug\moc_splashscreen.cpp">
      <Filter>Generated Files\Debug</Filter>
    </ClCompile>
    <ClCompile Include="GeneratedFiles\Release\moc_splashscreen.cpp">
      <Filter>Generated Files\Release</Filter>
    </ClCompile>
    <ClCompile Include="splashscreen.cpp">
      <Filter>Source Files</Filter>
    </ClCompile>
    <ClCompile Include="componentmanager.cpp">
      <Filter>Source Files</Filter>
    </ClCompile>
    <ClCompile Include="GeneratedFiles\Debug\moc_componentmanager.cpp">
      <Filter>Generated Files\Debug</Filter>
    </ClCompile>
    <ClCompile Include="GeneratedFiles\Release\moc_componentmanager.cpp">
      <Filter>Generated Files\Release</Filter>
    </ClCompile>
    <ClCompile Include="graphicsview.cpp">
      <Filter>Source Files</Filter>
    </ClCompile>
    <ClCompile Include="GeneratedFiles\Debug\moc_graphicsview.cpp">
      <Filter>Generated Files\Debug</Filter>
    </ClCompile>
    <ClCompile Include="GeneratedFiles\Release\moc_graphicsview.cpp">
      <Filter>Generated Files\Release</Filter>
    </ClCompile>
    <ClCompile Include="connectiondialog.cpp">
      <Filter>Source Files</Filter>
    </ClCompile>
    <ClCompile Include="GeneratedFiles\Debug\moc_connectiondialog.cpp">
      <Filter>Generated Files\Debug</Filter>
    </ClCompile>
    <ClCompile Include="GeneratedFiles\Release\moc_connectiondialog.cpp">
      <Filter>Generated Files\Release</Filter>
    </ClCompile>
    <ClCompile Include="gmodelcomponent.cpp">
      <Filter>Source Files</Filter>
    </ClCompile>
    <ClCompile Include="GeneratedFiles\Debug\moc_gmodelcomponent.cpp">
      <Filter>Generated Files\Debug</Filter>
    </ClCompile>
    <ClCompile Include="GeneratedFiles\Release\moc_gmodelcomponent.cpp">
      <Filter>Generated Files\Release</Filter>
    </ClCompile>
    <ClCompile Include="hydrocoupleproject.cpp">
      <Filter>Source Files</Filter>
    </ClCompile>
    <ClCompile Include="GeneratedFiles\Debug\moc_hydrocoupleproject.cpp">
      <Filter>Generated Files\Debug</Filter>
    </ClCompile>
    <ClCompile Include="GeneratedFiles\Release\moc_hydrocoupleproject.cpp">
      <Filter>Generated Files\Release</Filter>
    </ClCompile>
    <ClCompile Include="gdefaultselectiongraphic.cpp">
      <Filter>Source Files</Filter>
    </ClCompile>
  </ItemGroup>
  <ItemGroup>
    <ClInclude Include="stdafx.h">
      <Filter>Header Files</Filter>
    </ClInclude>
    <ClInclude Include="GeneratedFiles\ui_hydrocouplecomposer.h">
      <Filter>Generated Files</Filter>
    </ClInclude>
    <ClInclude Include="GeneratedFiles\ui_connectiondialog.h">
      <Filter>Generated Files</Filter>
    </ClInclude>
  </ItemGroup>
  <ItemGroup>
    <CustomBuild Include="hydrocouplecomposer.h">
      <Filter>Header Files</Filter>
    </CustomBuild>
    <CustomBuild Include="hydrocouplecomposer.ui">
      <Filter>Form Files</Filter>
    </CustomBuild>
    <CustomBuild Include="hydrocouplecomposer.qrc">
      <Filter>Resource Files</Filter>
    </CustomBuild>
    <CustomBuild Include="splashscreen.h">
      <Filter>Header Files</Filter>
    </CustomBuild>
    <CustomBuild Include="componentmanager.h">
      <Filter>Header Files</Filter>
    </CustomBuild>
    <CustomBuild Include="graphicsview.h">
      <Filter>Header Files</Filter>
    </CustomBuild>
    <CustomBuild Include="connectiondialog.h">
      <Filter>Header Files</Filter>
    </CustomBuild>
    <CustomBuild Include="connectiondialog.ui">
      <Filter>Form Files</Filter>
    </CustomBuild>
    <CustomBuild Include="gmodelcomponent.h">
      <Filter>Header Files</Filter>
    </CustomBuild>
    <CustomBuild Include="hydrocoupleproject.h">
      <Filter>Header Files</Filter>
    </CustomBuild>
    <CustomBuild Include="gdefaultselectiongraphic.h">
      <Filter>Header Files</Filter>
    </CustomBuild>
  </ItemGroup>
  <ItemGroup>
    <ResourceCompile Include="HydroCoupleComposer.rc" />
  </ItemGroup>
  <ItemGroup>
    <None Include="Styles\style.qss">
      <Filter>Styles</Filter>
    </None>
    <None Include="Images\Thumbs.db">
      <Filter>Images</Filter>
    </None>
  </ItemGroup>
  <ItemGroup>
    <Image Include="Images\adaptercomponent.png">
      <Filter>Images</Filter>
    </Image>
    <Image Include="Images\addcomponent.png">
      <Filter>Images</Filter>
    </Image>
    <Image Include="Images\addFile.png">
      <Filter>Images</Filter>
    </Image>
    <Image Include="Images\bottomedges.png">
      <Filter>Images</Filter>
    </Image>
    <Image Include="Images\clear.png">
      <Filter>Images</Filter>
    </Image>
    <Image Include="Images\clonecomponent.png">
      <Filter>Images</Filter>
    </Image>
    <Image Include="Images\close.png">
      <Filter>Images</Filter>
    </Image>
    <Image Include="Images\comphover.png">
      <Filter>Images</Filter>
    </Image>
    <Image Include="Images\compnormal.png">
      <Filter>Images</Filter>
    </Image>
    <Image Include="Images\compselected.png">
      <Filter>Images</Filter>
    </Image>
    <Image Include="Images\comptriggerhover.png">
      <Filter>Images</Filter>
    </Image>
    <Image Include="Images\comptriggernormal.png">
      <Filter>Images</Filter>
    </Image>
    <Image Include="Images\copy.png">
      <Filter>Images</Filter>
    </Image>
    <Image Include="Images\createconnection.png">
      <Filter>Images</Filter>
    </Image>
    <Image Include="Images\default.png">
      <Filter>Images</Filter>
    </Image>
    <Image Include="Images\deletecomponent.png">
      <Filter>Images</Filter>
    </Image>
    <Image Include="Images\deleteconnection.png">
      <Filter>Images</Filter>
    </Image>
    <Image Include="Images\distributebottomedges.png">
      <Filter>Images</Filter>
    </Image>
    <Image Include="Images\distributehorizontalcenters.png">
      <Filter>Images</Filter>
    </Image>
    <Image Include="Images\distributeleftedges.png">
      <Filter>Images</Filter>
    </Image>
    <Image Include="Images\distributerightedges.png">
      <Filter>Images</Filter>
    </Image>
    <Image Include="Images\distributetopedges.png">
      <Filter>Images</Filter>
    </Image>
    <Image Include="Images\distributeverticalcenters.png">
      <Filter>Images</Filter>
    </Image>
    <Image Include="Images\horizontalcenters.png">
      <Filter>Images</Filter>
    </Image>
    <Image Include="Images\hydrocouplecomposer.png">
      <Filter>Images</Filter>
    </Image>
    <Image Include="Images\hydrocouplecomposersplash.png">
      <Filter>Images</Filter>
    </Image>
    <Image Include="Images\layout.png">
      <Filter>Images</Filter>
    </Image>
    <Image Include="Images\leftedges.png">
      <Filter>Images</Filter>
    </Image>
    <Image Include="Images\modelcomponent.png">
      <Filter>Images</Filter>
    </Image>
    <Image Include="Images\new.png">
      <Filter>Images</Filter>
    </Image>
    <Image Include="Images\open.png">
      <Filter>Images</Filter>
    </Image>
    <Image Include="Images\pan.png">
      <Filter>Images</Filter>
    </Image>
    <Image Include="Images\print.png">
      <Filter>Images</Filter>
    </Image>
    <Image Include="Images\printPreview.png">
      <Filter>Images</Filter>
    </Image>
    <Image Include="Images\recentfiles.png">
      <Filter>Images</Filter>
    </Image>
    <Image Include="Images\refresh.png">
      <Filter>Images</Filter>
    </Image>
    <Image Include="Images\rightedges.png">
      <Filter>Images</Filter>
    </Image>
    <Image Include="Images\save.png">
      <Filter>Images</Filter>
    </Image>
    <Image Include="Images\Saveas.png">
      <Filter>Images</Filter>
    </Image>
    <Image Include="Images\topedges.png">
      <Filter>Images</Filter>
    </Image>
    <Image Include="Images\trigger.png">
      <Filter>Images</Filter>
    </Image>
    <Image Include="Images\validate.png">
      <Filter>Images</Filter>
    </Image>
    <Image Include="Images\verticalcenters.png">
      <Filter>Images</Filter>
    </Image>
    <Image Include="Images\zoomextent.png">
      <Filter>Images</Filter>
    </Image>
    <Image Include="Images\ZoomIn.png">
      <Filter>Images</Filter>
    </Image>
    <Image Include="Images\ZoomOut.png">
      <Filter>Images</Filter>
    </Image>
  </ItemGroup>
</Project>